
Microsoft Visual Studio Solution File, Format Version 12.00
# Visual Studio Version 16
VisualStudioVersion = 16.0.29519.181
MinimumVisualStudioVersion = 10.0.40219.1
Project("{9A19103F-16F7-4668-BE54-9A1E7A4F7556}") = "Study", "Study\Study.csproj", "{AC269F38-9642-40B2-BF48-A4CB8E950651}"
EndProject
Global
	GlobalSection(SolutionConfigurationPlatforms) = preSolution
		Debug|Any CPU = Debug|Any CPU
		Release|Any CPU = Release|Any CPU
	EndGlobalSection
	GlobalSection(ProjectConfigurationPlatforms) = postSolution
		{AC269F38-9642-40B2-BF48-A4CB8E950651}.Debug|Any CPU.ActiveCfg = Debug|Any CPU
		{AC269F38-9642-40B2-BF48-A4CB8E950651}.Debug|Any CPU.Build.0 = Debug|Any CPU
		{AC269F38-9642-40B2-BF48-A4CB8E950651}.Release|Any CPU.ActiveCfg = Release|Any CPU
		{AC269F38-9642-40B2-BF48-A4CB8E950651}.Release|Any CPU.Build.0 = Release|Any CPU
	EndGlobalSection
	GlobalSection(SolutionProperties) = preSolution
		HideSolutionNode = FALSE
	EndGlobalSection
	GlobalSection(ExtensibilityGlobals) = postSolution
		SolutionGuid = {C9A3AEC5-B326-4F96-BB42-0AD334FCC0AA}
	EndGlobalSection
EndGlobal
